
Microsoft Visual Studio Solution File, Format Version 12.00
# Visual Studio Version 16
VisualStudioVersion = 16.0.29728.190
MinimumVisualStudioVersion = 10.0.40219.1
Project("{FAE04EC0-301F-11D3-BF4B-00C04F79EFBC}") = "Project09-02-2021", "Project09-02-2021\Project09-02-2021.csproj", "{7384593E-FD35-469F-9E81-CE8ACDE0356D}"
EndProject
Global
	GlobalSection(SolutionConfigurationPlatforms) = preSolution
		Debug|Any CPU = Debug|Any CPU
		Release|Any CPU = Release|Any CPU
	EndGlobalSection
	GlobalSection(ProjectConfigurationPlatforms) = postSolution
		{7384593E-FD35-469F-9E81-CE8ACDE0356D}.Debug|Any CPU.ActiveCfg = Debug|Any CPU
		{7384593E-FD35-469F-9E81-CE8ACDE0356D}.Debug|Any CPU.Build.0 = Debug|Any CPU
		{7384593E-FD35-469F-9E81-CE8ACDE0356D}.Release|Any CPU.ActiveCfg = Release|Any CPU
		{7384593E-FD35-469F-9E81-CE8ACDE0356D}.Release|Any CPU.Build.0 = Release|Any CPU
	EndGlobalSection
	GlobalSection(SolutionProperties) = preSolution
		HideSolutionNode = FALSE
	EndGlobalSection
	GlobalSection(ExtensibilityGlobals) = postSolution
		SolutionGuid = {3C5EEE7F-2B6E-4931-A74C-BC32D2326357}
	EndGlobalSection
EndGlobal
